
Microsoft Visual Studio Solution File, Format Version 12.00
# Visual Studio 15
VisualStudioVersion = 15.0.28010.2019
MinimumVisualStudioVersion = 10.0.40219.1
Project("{9A19103F-16F7-4668-BE54-9A1E7A4F7556}") = "SimpleFactory", "SimpleFactory\SimpleFactory.csproj", "{15E1DB61-D385-4854-BFB6-07C152091A1D}"
EndProject
Project("{9A19103F-16F7-4668-BE54-9A1E7A4F7556}") = "Strategy", "Strategy\Strategy.csproj", "{77BDAAE8-986E-470E-B739-3B17A336C4B5}"
EndProject
Project("{FAE04EC0-301F-11D3-BF4B-00C04F79EFBC}") = "Decorator", "DecoratorPattern\Decorator.csproj", "{5BB09037-10E0-4829-92FE-A128ECE2BC05}"
EndProject
Global
	GlobalSection(SolutionConfigurationPlatforms) = preSolution
		Debug|Any CPU = Debug|Any CPU
		Release|Any CPU = Release|Any CPU
	EndGlobalSection
	GlobalSection(ProjectConfigurationPlatforms) = postSolution
		{15E1DB61-D385-4854-BFB6-07C152091A1D}.Debug|Any CPU.ActiveCfg = Debug|Any CPU
		{15E1DB61-D385-4854-BFB6-07C152091A1D}.Debug|Any CPU.Build.0 = Debug|Any CPU
		{15E1DB61-D385-4854-BFB6-07C152091A1D}.Release|Any CPU.ActiveCfg = Release|Any CPU
		{15E1DB61-D385-4854-BFB6-07C152091A1D}.Release|Any CPU.Build.0 = Release|Any CPU
		{77BDAAE8-986E-470E-B739-3B17A336C4B5}.Debug|Any CPU.ActiveCfg = Debug|Any CPU
		{77BDAAE8-986E-470E-B739-3B17A336C4B5}.Debug|Any CPU.Build.0 = Debug|Any CPU
		{77BDAAE8-986E-470E-B739-3B17A336C4B5}.Release|Any CPU.ActiveCfg = Release|Any CPU
		{77BDAAE8-986E-470E-B739-3B17A336C4B5}.Release|Any CPU.Build.0 = Release|Any CPU
		{5BB09037-10E0-4829-92FE-A128ECE2BC05}.Debug|Any CPU.ActiveCfg = Debug|Any CPU
		{5BB09037-10E0-4829-92FE-A128ECE2BC05}.Debug|Any CPU.Build.0 = Debug|Any CPU
		{5BB09037-10E0-4829-92FE-A128ECE2BC05}.Release|Any CPU.ActiveCfg = Release|Any CPU
		{5BB09037-10E0-4829-92FE-A128ECE2BC05}.Release|Any CPU.Build.0 = Release|Any CPU
	EndGlobalSection
	GlobalSection(SolutionProperties) = preSolution
		HideSolutionNode = FALSE
	EndGlobalSection
	GlobalSection(ExtensibilityGlobals) = postSolution
		SolutionGuid = {7CA69CD2-181B-40BB-B706-7361EEA21263}
	EndGlobalSection
EndGlobal
